
Microsoft Visual Studio Solution File, Format Version 12.00
# Visual Studio Version 17
VisualStudioVersion = 17.13.35818.85 d17.13
MinimumVisualStudioVersion = 10.0.40219.1
Project("{FAE04EC0-301F-11D3-BF4B-00C04F79EFBC}") = "GameStore.DAL", "GameStore.DAL\GameStore.DAL.csproj", "{FED565E4-9F17-42C1-86B1-9025E7CCB568}"
EndProject
Project("{FAE04EC0-301F-11D3-BF4B-00C04F79EFBC}") = "GameStore.BL", "GameStore.BL\GameStore.BL.csproj", "{771B8246-7378-4EF7-AEBC-7EC8446C5C02}"
EndProject
Project("{FAE04EC0-301F-11D3-BF4B-00C04F79EFBC}") = "GameStore.MVC", "GameStore.MVC\GameStore.MVC.csproj", "{599A31C3-89A7-40FE-B3BF-CC272BE4B79D}"
EndProject
Global
	GlobalSection(SolutionConfigurationPlatforms) = preSolution
		Debug|Any CPU = Debug|Any CPU
		Release|Any CPU = Release|Any CPU
	EndGlobalSection
	GlobalSection(ProjectConfigurationPlatforms) = postSolution
		{FED565E4-9F17-42C1-86B1-9025E7CCB568}.Debug|Any CPU.ActiveCfg = Debug|Any CPU
		{FED565E4-9F17-42C1-86B1-9025E7CCB568}.Debug|Any CPU.Build.0 = Debug|Any CPU
		{FED565E4-9F17-42C1-86B1-9025E7CCB568}.Release|Any CPU.ActiveCfg = Release|Any CPU
		{FED565E4-9F17-42C1-86B1-9025E7CCB568}.Release|Any CPU.Build.0 = Release|Any CPU
		{771B8246-7378-4EF7-AEBC-7EC8446C5C02}.Debug|Any CPU.ActiveCfg = Debug|Any CPU
		{771B8246-7378-4EF7-AEBC-7EC8446C5C02}.Debug|Any CPU.Build.0 = Debug|Any CPU
		{771B8246-7378-4EF7-AEBC-7EC8446C5C02}.Release|Any CPU.ActiveCfg = Release|Any CPU
		{771B8246-7378-4EF7-AEBC-7EC8446C5C02}.Release|Any CPU.Build.0 = Release|Any CPU
		{599A31C3-89A7-40FE-B3BF-CC272BE4B79D}.Debug|Any CPU.ActiveCfg = Debug|Any CPU
		{599A31C3-89A7-40FE-B3BF-CC272BE4B79D}.Debug|Any CPU.Build.0 = Debug|Any CPU
		{599A31C3-89A7-40FE-B3BF-CC272BE4B79D}.Release|Any CPU.ActiveCfg = Release|Any CPU
		{599A31C3-89A7-40FE-B3BF-CC272BE4B79D}.Release|Any CPU.Build.0 = Release|Any CPU
	EndGlobalSection
	GlobalSection(SolutionProperties) = preSolution
		HideSolutionNode = FALSE
	EndGlobalSection
	GlobalSection(ExtensibilityGlobals) = postSolution
		SolutionGuid = {0189F401-E80E-4F5A-B237-C4A360B4E6A4}
	EndGlobalSection
EndGlobal
